
Microsoft Visual Studio Solution File, Format Version 12.00
# Visual Studio Version 17
VisualStudioVersion = 17.13.35806.99
MinimumVisualStudioVersion = 10.0.40219.1
Project("{2150E333-8FDC-42A3-9474-1A3956D46DE8}") = "Solution Items", "Solution Items", "{02EA681E-C7D8-13C7-8484-4AC65E1B71E8}"
	ProjectSection(SolutionItems) = preProject
		.editorconfig = .editorconfig
		Directory.Build.props = Directory.Build.props
		Directory.Packages.props = Directory.Packages.props
	EndProjectSection
EndProject
Project("{2150E333-8FDC-42A3-9474-1A3956D46DE8}") = "src", "src", "{74C74977-72BB-49A2-A4FD-BCAF242F05BF}"
EndProject
Project("{2150E333-8FDC-42A3-9474-1A3956D46DE8}") = "tests", "tests", "{BBCDE22A-7797-44B6-BBD0-9FC224442C73}"
EndProject
Project("{FAE04EC0-301F-11D3-BF4B-00C04F79EFBC}") = "EMS.Web", "EMS.Web\EMS.Web.csproj", "{752FFFFA-8157-9F04-4905-FA11A7041C49}"
EndProject
Project("{FAE04EC0-301F-11D3-BF4B-00C04F79EFBC}") = "EMS.AppHost", "EMS.AppHost\EMS.AppHost.csproj", "{5A58E55C-F00C-4D13-8EF8-8BFA001D3AB4}"
EndProject
Project("{FAE04EC0-301F-11D3-BF4B-00C04F79EFBC}") = "EMS.ServiceDefaults", "EMS.ServiceDefaults\EMS.ServiceDefaults.csproj", "{04E20A02-3A3F-ACAB-1B7F-8DE1BD8A839D}"
EndProject
Project("{2150E333-8FDC-42A3-9474-1A3956D46DE8}") = "services", "services", "{9FBA7ADD-8E43-4230-B03E-074D11AEFEA7}"
EndProject
Global
	GlobalSection(SolutionConfigurationPlatforms) = preSolution
		Debug|Any CPU = Debug|Any CPU
		Release|Any CPU = Release|Any CPU
	EndGlobalSection
	GlobalSection(ProjectConfigurationPlatforms) = postSolution
		{752FFFFA-8157-9F04-4905-FA11A7041C49}.Debug|Any CPU.ActiveCfg = Debug|Any CPU
		{752FFFFA-8157-9F04-4905-FA11A7041C49}.Debug|Any CPU.Build.0 = Debug|Any CPU
		{752FFFFA-8157-9F04-4905-FA11A7041C49}.Release|Any CPU.ActiveCfg = Release|Any CPU
		{752FFFFA-8157-9F04-4905-FA11A7041C49}.Release|Any CPU.Build.0 = Release|Any CPU
		{5A58E55C-F00C-4D13-8EF8-8BFA001D3AB4}.Debug|Any CPU.ActiveCfg = Debug|Any CPU
		{5A58E55C-F00C-4D13-8EF8-8BFA001D3AB4}.Debug|Any CPU.Build.0 = Debug|Any CPU
		{5A58E55C-F00C-4D13-8EF8-8BFA001D3AB4}.Release|Any CPU.ActiveCfg = Release|Any CPU
		{5A58E55C-F00C-4D13-8EF8-8BFA001D3AB4}.Release|Any CPU.Build.0 = Release|Any CPU
		{04E20A02-3A3F-ACAB-1B7F-8DE1BD8A839D}.Debug|Any CPU.ActiveCfg = Debug|Any CPU
		{04E20A02-3A3F-ACAB-1B7F-8DE1BD8A839D}.Debug|Any CPU.Build.0 = Debug|Any CPU
		{04E20A02-3A3F-ACAB-1B7F-8DE1BD8A839D}.Release|Any CPU.ActiveCfg = Release|Any CPU
		{04E20A02-3A3F-ACAB-1B7F-8DE1BD8A839D}.Release|Any CPU.Build.0 = Release|Any CPU
	EndGlobalSection
	GlobalSection(SolutionProperties) = preSolution
		HideSolutionNode = FALSE
	EndGlobalSection
	GlobalSection(NestedProjects) = preSolution
		{752FFFFA-8157-9F04-4905-FA11A7041C49} = {74C74977-72BB-49A2-A4FD-BCAF242F05BF}
		{9FBA7ADD-8E43-4230-B03E-074D11AEFEA7} = {74C74977-72BB-49A2-A4FD-BCAF242F05BF}
	EndGlobalSection
	GlobalSection(ExtensibilityGlobals) = postSolution
		SolutionGuid = {27DB6906-B2B1-4969-840E-3F9B5AFB3DE9}
	EndGlobalSection
EndGlobal
